PODS:
  - Kanna (2.0.0)
  - Realm (1.1.0):
    - Realm/Headers (= 1.1.0)
  - Realm/Headers (1.1.0)
  - RealmSwift (1.1.0):
    - Realm (= 1.1.0)

DEPENDENCIES:
  - Kanna (= 2.0.0)
  - RealmSwift (= 1.1.0)

SPEC CHECKSUMS:
  Kanna: 9a6637f72f5c77fe9c045b1efb2a5bb074754af8
  Realm: ceecf1a4540c4ce9efe196fe73fa9855bce05bd8
  RealmSwift: 838058b2db95b12cb86bd0cf209df642c33fb60a

PODFILE CHECKSUM: 1bb0b9f2a3a978f5f943e8b6830895c700537bba

COCOAPODS: 1.0.1
