// !$*UTF8*$!
{
	archiveVersion = 1;
	classes = {
	};
	objectVersion = 46;
	objects = {

/* Begin PBXBuildFile section */
		0175C2911D65635C00F585D7 /* GameTableViewCell.swift in Sources */ = {isa = PBXBuildFile; fileRef = 0175C2901D65635C00F585D7 /* GameTableViewCell.swift */; };
		0EFD54B50D940BC7D776274C /* Pods_TestNFLGames.framework in Frameworks */ = {isa = PBXBuildFile; fileRef = D367D4CC5984DC41812CCBF4 /* Pods_TestNFLGames.framework */; };
		103CA0A71D68013E00A4AF7B /* GoogleService-Info.plist in Resources */ = {isa = PBXBuildFile; fileRef = 103CA0A61D68013E00A4AF7B /* GoogleService-Info.plist */; };
		103CA0A91D6805A000A4AF7B /* TNGView.swift in Sources */ = {isa = PBXBuildFile; fileRef = 103CA0A81D6805A000A4AF7B /* TNGView.swift */; };
		103CA0AB1D68C7FA00A4AF7B /* TopInfoCell.swift in Sources */ = {isa = PBXBuildFile; fileRef = 103CA0AA1D68C7FA00A4AF7B /* TopInfoCell.swift */; };
		103CA0AD1D68C80500A4AF7B /* YouCell.swift in Sources */ = {isa = PBXBuildFile; fileRef = 103CA0AC1D68C80500A4AF7B /* YouCell.swift */; };
		103CA0AF1D68CBA000A4AF7B /* CustomHeaderCell.swift in Sources */ = {isa = PBXBuildFile; fileRef = 103CA0AE1D68CBA000A4AF7B /* CustomHeaderCell.swift */; };
		103CA0B11D68D9B900A4AF7B /* GameViewMainCell.swift in Sources */ = {isa = PBXBuildFile; fileRef = 103CA0B01D68D9B900A4AF7B /* GameViewMainCell.swift */; };
		103CA0B31D68D9DB00A4AF7B /* GameViewTableViewController.swift in Sources */ = {isa = PBXBuildFile; fileRef = 103CA0B21D68D9DB00A4AF7B /* GameViewTableViewController.swift */; };
		103CA0B71D68E00000A4AF7B /* PlayerCell.swift in Sources */ = {isa = PBXBuildFile; fileRef = 103CA0B61D68E00000A4AF7B /* PlayerCell.swift */; };
		103CA0B91D6A236C00A4AF7B /* PayoutCell.swift in Sources */ = {isa = PBXBuildFile; fileRef = 103CA0B81D6A236C00A4AF7B /* PayoutCell.swift */; };
		105DA5ED1D6546B9008B0605 /* AppDelegate.swift in Sources */ = {isa = PBXBuildFile; fileRef = 105DA5EC1D6546B9008B0605 /* AppDelegate.swift */; };
		105DA5F41D6546B9008B0605 /* Assets.xcassets in Resources */ = {isa = PBXBuildFile; fileRef = 105DA5F31D6546B9008B0605 /* Assets.xcassets */; };
		105DA5F71D6546B9008B0605 /* LaunchScreen.storyboard in Resources */ = {isa = PBXBuildFile; fileRef = 105DA5F51D6546B9008B0605 /* LaunchScreen.storyboard */; };
		105DA5FF1D65473D008B0605 /* Downloader.swift in Sources */ = {isa = PBXBuildFile; fileRef = 105DA5FE1D65473D008B0605 /* Downloader.swift */; };
		105DA6011D6549D6008B0605 /* MainViewTableViewController.swift in Sources */ = {isa = PBXBuildFile; fileRef = 105DA6001D6549D6008B0605 /* MainViewTableViewController.swift */; };
		105DA6031D67F953008B0605 /* Game.swift in Sources */ = {isa = PBXBuildFile; fileRef = 105DA6021D67F953008B0605 /* Game.swift */; };
		10C4317D1D6D2ABD008A1F24 /* Main.storyboard in Resources */ = {isa = PBXBuildFile; fileRef = 10C4317C1D6D2ABD008A1F24 /* Main.storyboard */; };
		10C4317F1D6D44C9008A1F24 /* User.swift in Sources */ = {isa = PBXBuildFile; fileRef = 10C4317E1D6D44C9008A1F24 /* User.swift */; };
		10C431811D6D44D4008A1F24 /* League.swift in Sources */ = {isa = PBXBuildFile; fileRef = 10C431801D6D44D4008A1F24 /* League.swift */; };
		10C431831D6D451C008A1F24 /* Vote.swift in Sources */ = {isa = PBXBuildFile; fileRef = 10C431821D6D451C008A1F24 /* Vote.swift */; };
/* End PBXBuildFile section */

/* Begin PBXFileReference section */
		0175C2901D65635C00F585D7 /* GameTableViewCell.swift */ = {isa = PBXFileReference; fileEncoding = 4; lastKnownFileType = sourcecode.swift; path = GameTableViewCell.swift; sourceTree = "<group>"; };
		103CA0A61D68013E00A4AF7B /* GoogleService-Info.plist */ = {isa = PBXFileReference; fileEncoding = 4; lastKnownFileType = text.plist.xml; path = "GoogleService-Info.plist"; sourceTree = "<group>"; };
		103CA0A81D6805A000A4AF7B /* TNGView.swift */ = {isa = PBXFileReference; fileEncoding = 4; lastKnownFileType = sourcecode.swift; path = TNGView.swift; sourceTree = "<group>"; };
		103CA0AA1D68C7FA00A4AF7B /* TopInfoCell.swift */ = {isa = PBXFileReference; fileEncoding = 4; lastKnownFileType = sourcecode.swift; path = TopInfoCell.swift; sourceTree = "<group>"; };
		103CA0AC1D68C80500A4AF7B /* YouCell.swift */ = {isa = PBXFileReference; fileEncoding = 4; lastKnownFileType = sourcecode.swift; path = YouCell.swift; sourceTree = "<group>"; };
		103CA0AE1D68CBA000A4AF7B /* CustomHeaderCell.swift */ = {isa = PBXFileReference; fileEncoding = 4; lastKnownFileType = sourcecode.swift; path = CustomHeaderCell.swift; sourceTree = "<group>"; };
		103CA0B01D68D9B900A4AF7B /* GameViewMainCell.swift */ = {isa = PBXFileReference; fileEncoding = 4; lastKnownFileType = sourcecode.swift; path = GameViewMainCell.swift; sourceTree = "<group>"; };
		103CA0B21D68D9DB00A4AF7B /* GameViewTableViewController.swift */ = {isa = PBXFileReference; fileEncoding = 4; lastKnownFileType = sourcecode.swift; path = GameViewTableViewController.swift; sourceTree = "<group>"; };
		103CA0B61D68E00000A4AF7B /* PlayerCell.swift */ = {isa = PBXFileReference; fileEncoding = 4; lastKnownFileType = sourcecode.swift; path = PlayerCell.swift; sourceTree = "<group>"; };
		103CA0B81D6A236C00A4AF7B /* PayoutCell.swift */ = {isa = PBXFileReference; fileEncoding = 4; lastKnownFileType = sourcecode.swift; path = PayoutCell.swift; sourceTree = "<group>"; };
		105DA5E91D6546B9008B0605 /* TestNFLGames.app */ = {isa = PBXFileReference; explicitFileType = wrapper.application; includeInIndex = 0; path = TestNFLGames.app; sourceTree = BUILT_PRODUCTS_DIR; };
		105DA5EC1D6546B9008B0605 /* AppDelegate.swift */ = {isa = PBXFileReference; lastKnownFileType = sourcecode.swift; path = AppDelegate.swift; sourceTree = "<group>"; };
		105DA5F31D6546B9008B0605 /* Assets.xcassets */ = {isa = PBXFileReference; lastKnownFileType = folder.assetcatalog; path = Assets.xcassets; sourceTree = "<group>"; };
		105DA5F61D6546B9008B0605 /* Base */ = {isa = PBXFileReference; lastKnownFileType = file.storyboard; name = Base; path = Base.lproj/LaunchScreen.storyboard; sourceTree = "<group>"; };
		105DA5F81D6546B9008B0605 /* Info.plist */ = {isa = PBXFileReference; lastKnownFileType = text.plist.xml; path = Info.plist; sourceTree = "<group>"; };
		105DA5FE1D65473D008B0605 /* Downloader.swift */ = {isa = PBXFileReference; fileEncoding = 4; lastKnownFileType = sourcecode.swift; path = Downloader.swift; sourceTree = "<group>"; };
		105DA6001D6549D6008B0605 /* MainViewTableViewController.swift */ = {isa = PBXFileReference; fileEncoding = 4; lastKnownFileType = sourcecode.swift; path = MainViewTableViewController.swift; sourceTree = "<group>"; };
		105DA6021D67F953008B0605 /* Game.swift */ = {isa = PBXFileReference; fileEncoding = 4; lastKnownFileType = sourcecode.swift; path = Game.swift; sourceTree = "<group>"; };
		10C4317C1D6D2ABD008A1F24 /* Main.storyboard */ = {isa = PBXFileReference; fileEncoding = 4; lastKnownFileType = file.storyboard; path = Main.storyboard; sourceTree = "<group>"; };
		10C4317E1D6D44C9008A1F24 /* User.swift */ = {isa = PBXFileReference; fileEncoding = 4; lastKnownFileType = sourcecode.swift; path = User.swift; sourceTree = "<group>"; };
		10C431801D6D44D4008A1F24 /* League.swift */ = {isa = PBXFileReference; fileEncoding = 4; lastKnownFileType = sourcecode.swift; path = League.swift; sourceTree = "<group>"; };
		10C431821D6D451C008A1F24 /* Vote.swift */ = {isa = PBXFileReference; fileEncoding = 4; lastKnownFileType = sourcecode.swift; path = Vote.swift; sourceTree = "<group>"; };
		3C2FB3E26558084BD6FA9E65 /* Pods-TestNFLGames.release.xcconfig */ = {isa = PBXFileReference; includeInIndex = 1; lastKnownFileType = text.xcconfig; name = "Pods-TestNFLGames.release.xcconfig"; path = "Pods/Target Support Files/Pods-TestNFLGames/Pods-TestNFLGames.release.xcconfig"; sourceTree = "<group>"; };
		BF5D002FE7498B93A6FBEBBE /* Pods-TestNFLGames.debug.xcconfig */ = {isa = PBXFileReference; includeInIndex = 1; lastKnownFileType = text.xcconfig; name = "Pods-TestNFLGames.debug.xcconfig"; path = "Pods/Target Support Files/Pods-TestNFLGames/Pods-TestNFLGames.debug.xcconfig"; sourceTree = "<group>"; };
		D367D4CC5984DC41812CCBF4 /* Pods_TestNFLGames.framework */ = {isa = PBXFileReference; explicitFileType = wrapper.framework; includeInIndex = 0; path = Pods_TestNFLGames.framework; sourceTree = BUILT_PRODUCTS_DIR; };
/* End PBXFileReference section */

/* Begin PBXFrameworksBuildPhase section */
		105DA5E61D6546B9008B0605 /* Frameworks */ = {
			isa = PBXFrameworksBuildPhase;
			buildActionMask = 2147483647;
			files = (
				0EFD54B50D940BC7D776274C /* Pods_TestNFLGames.framework in Frameworks */,
			);
			runOnlyForDeploymentPostprocessing = 0;
		};
/* End PBXFrameworksBuildPhase section */

/* Begin PBXGroup section */
		103CA0BA1D6A288E00A4AF7B /* Cells */ = {
			isa = PBXGroup;
			children = (
				0175C2901D65635C00F585D7 /* GameTableViewCell.swift */,
				103CA0AA1D68C7FA00A4AF7B /* TopInfoCell.swift */,
				103CA0AC1D68C80500A4AF7B /* YouCell.swift */,
				103CA0AE1D68CBA000A4AF7B /* CustomHeaderCell.swift */,
				103CA0B01D68D9B900A4AF7B /* GameViewMainCell.swift */,
				103CA0B61D68E00000A4AF7B /* PlayerCell.swift */,
				103CA0B81D6A236C00A4AF7B /* PayoutCell.swift */,
			);
			name = Cells;
			sourceTree = "<group>";
		};
		103CA0BB1D6A28AF00A4AF7B /* Controllers */ = {
			isa = PBXGroup;
			children = (
				105DA6001D6549D6008B0605 /* MainViewTableViewController.swift */,
				103CA0B21D68D9DB00A4AF7B /* GameViewTableViewController.swift */,
			);
			name = Controllers;
			sourceTree = "<group>";
		};
		103CA0BC1D6A28BE00A4AF7B /* Supporting Files */ = {
			isa = PBXGroup;
			children = (
				105DA5EC1D6546B9008B0605 /* AppDelegate.swift */,
				103CA0A61D68013E00A4AF7B /* GoogleService-Info.plist */,
				105DA5F51D6546B9008B0605 /* LaunchScreen.storyboard */,
				105DA5F81D6546B9008B0605 /* Info.plist */,
			);
			name = "Supporting Files";
			sourceTree = "<group>";
		};
		103CA0BD1D6A28CB00A4AF7B /* Model */ = {
			isa = PBXGroup;
			children = (
				105DA6021D67F953008B0605 /* Game.swift */,
				10C4317E1D6D44C9008A1F24 /* User.swift */,
				10C431801D6D44D4008A1F24 /* League.swift */,
				10C431821D6D451C008A1F24 /* Vote.swift */,
			);
			name = Model;
			sourceTree = "<group>";
		};
		103CA0BE1D6A28DC00A4AF7B /* Custom Views */ = {
			isa = PBXGroup;
			children = (
				103CA0A81D6805A000A4AF7B /* TNGView.swift */,
			);
			name = "Custom Views";
			sourceTree = "<group>";
		};
		103CA0BF1D6A28E600A4AF7B /* Data  */ = {
			isa = PBXGroup;
			children = (
				105DA5FE1D65473D008B0605 /* Downloader.swift */,
			);
			name = "Data ";
			sourceTree = "<group>";
		};
		105DA5E01D6546B9008B0605 = {
			isa = PBXGroup;
			children = (
				105DA5EB1D6546B9008B0605 /* TestNFLGames */,
				105DA5EA1D6546B9008B0605 /* Products */,
				E9D9DBDE200E65A5E445DBD6 /* Pods */,
				5816787B12F834FD948B238C /* Frameworks */,
			);
			sourceTree = "<group>";
		};
		105DA5EA1D6546B9008B0605 /* Products */ = {
			isa = PBXGroup;
			children = (
				105DA5E91D6546B9008B0605 /* TestNFLGames.app */,
			);
			name = Products;
			sourceTree = "<group>";
		};
		105DA5EB1D6546B9008B0605 /* TestNFLGames */ = {
			isa = PBXGroup;
			children = (
				10C4317C1D6D2ABD008A1F24 /* Main.storyboard */,
				105DA5F31D6546B9008B0605 /* Assets.xcassets */,
				103CA0BB1D6A28AF00A4AF7B /* Controllers */,
				103CA0BA1D6A288E00A4AF7B /* Cells */,
				103CA0BC1D6A28BE00A4AF7B /* Supporting Files */,
				103CA0BD1D6A28CB00A4AF7B /* Model */,
				103CA0BE1D6A28DC00A4AF7B /* Custom Views */,
				103CA0BF1D6A28E600A4AF7B /* Data  */,
			);
			path = TestNFLGames;
			sourceTree = "<group>";
		};
		5816787B12F834FD948B238C /* Frameworks */ = {
			isa = PBXGroup;
			children = (
				D367D4CC5984DC41812CCBF4 /* Pods_TestNFLGames.framework */,
			);
			name = Frameworks;
			sourceTree = "<group>";
		};
		E9D9DBDE200E65A5E445DBD6 /* Pods */ = {
			isa = PBXGroup;
			children = (
				BF5D002FE7498B93A6FBEBBE /* Pods-TestNFLGames.debug.xcconfig */,
				3C2FB3E26558084BD6FA9E65 /* Pods-TestNFLGames.release.xcconfig */,
			);
			name = Pods;
			sourceTree = "<group>";
		};
/* End PBXGroup section */

/* Begin PBXNativeTarget section */
		105DA5E81D6546B9008B0605 /* TestNFLGames */ = {
			isa = PBXNativeTarget;
			buildConfigurationList = 105DA5FB1D6546B9008B0605 /* Build configuration list for PBXNativeTarget "TestNFLGames" */;
			buildPhases = (
				14A49EE07C7C593427B3A347 /* [CP] Check Pods Manifest.lock */,
				105DA5E51D6546B9008B0605 /* Sources */,
				105DA5E61D6546B9008B0605 /* Frameworks */,
				105DA5E71D6546B9008B0605 /* Resources */,
				FDAAD766DAF3519DC73DD214 /* [CP] Embed Pods Frameworks */,
				9DEF6FD4FC2D3304C002576E /* [CP] Copy Pods Resources */,
			);
			buildRules = (
			);
			dependencies = (
			);
			name = TestNFLGames;
			productName = TestNFLGames;
			productReference = 105DA5E91D6546B9008B0605 /* TestNFLGames.app */;
			productType = "com.apple.product-type.application";
		};
/* End PBXNativeTarget section */

/* Begin PBXProject section */
		105DA5E11D6546B9008B0605 /* Project object */ = {
			isa = PBXProject;
			attributes = {
				LastSwiftUpdateCheck = 0730;
				LastUpgradeCheck = 0730;
				ORGANIZATIONNAME = "Ty Schultz";
				TargetAttributes = {
					105DA5E81D6546B9008B0605 = {
						CreatedOnToolsVersion = 7.3.1;
					};
				};
			};
			buildConfigurationList = 105DA5E41D6546B9008B0605 /* Build configuration list for PBXProject "TestNFLGames" */;
			compatibilityVersion = "Xcode 3.2";
			developmentRegion = English;
			hasScannedForEncodings = 0;
			knownRegions = (
				en,
				Base,
			);
			mainGroup = 105DA5E01D6546B9008B0605;
			productRefGroup = 105DA5EA1D6546B9008B0605 /* Products */;
			projectDirPath = "";
			projectRoot = "";
			targets = (
				105DA5E81D6546B9008B0605 /* TestNFLGames */,
			);
		};
/* End PBXProject section */

/* Begin PBXResourcesBuildPhase section */
		105DA5E71D6546B9008B0605 /* Resources */ = {
			isa = PBXResourcesBuildPhase;
			buildActionMask = 2147483647;
			files = (
				105DA5F71D6546B9008B0605 /* LaunchScreen.storyboard in Resources */,
				105DA5F41D6546B9008B0605 /* Assets.xcassets in Resources */,
				103CA0A71D68013E00A4AF7B /* GoogleService-Info.plist in Resources */,
				10C4317D1D6D2ABD008A1F24 /* Main.storyboard in Resources */,
			);
			runOnlyForDeploymentPostprocessing = 0;
		};
/* End PBXResourcesBuildPhase section */

/* Begin PBXShellScriptBuildPhase section */
		14A49EE07C7C593427B3A347 /* [CP] Check Pods Manifest.lock */ = {
			isa = PBXShellScriptBuildPhase;
			buildActionMask = 2147483647;
			files = (
			);
			inputPaths = (
			);
			name = "[CP] Check Pods Manifest.lock";
			outputPaths = (
			);
			runOnlyForDeploymentPostprocessing = 0;
			shellPath = /bin/sh;
			shellScript = "diff \"${PODS_ROOT}/../Podfile.lock\" \"${PODS_ROOT}/Manifest.lock\" > /dev/null\nif [[ $? != 0 ]] ; then\n    cat << EOM\nerror: The sandbox is not in sync with the Podfile.lock. Run 'pod install' or update your CocoaPods installation.\nEOM\n    exit 1\nfi\n";
			showEnvVarsInLog = 0;
		};
		9DEF6FD4FC2D3304C002576E /* [CP] Copy Pods Resources */ = {
			isa = PBXShellScriptBuildPhase;
			buildActionMask = 2147483647;
			files = (
			);
			inputPaths = (
			);
			name = "[CP] Copy Pods Resources";
			outputPaths = (
			);
			runOnlyForDeploymentPostprocessing = 0;
			shellPath = /bin/sh;
			shellScript = "\"${SRCROOT}/Pods/Target Support Files/Pods-TestNFLGames/Pods-TestNFLGames-resources.sh\"\n";
			showEnvVarsInLog = 0;
		};
		FDAAD766DAF3519DC73DD214 /* [CP] Embed Pods Frameworks */ = {
			isa = PBXShellScriptBuildPhase;
			buildActionMask = 2147483647;
			files = (
			);
			inputPaths = (
			);
			name = "[CP] Embed Pods Frameworks";
			outputPaths = (
			);
			runOnlyForDeploymentPostprocessing = 0;
			shellPath = /bin/sh;
			shellScript = "\"${SRCROOT}/Pods/Target Support Files/Pods-TestNFLGames/Pods-TestNFLGames-frameworks.sh\"\n";
			showEnvVarsInLog = 0;
		};
/* End PBXShellScriptBuildPhase section */

/* Begin PBXSourcesBuildPhase section */
		105DA5E51D6546B9008B0605 /* Sources */ = {
			isa = PBXSourcesBuildPhase;
			buildActionMask = 2147483647;
			files = (
				103CA0AF1D68CBA000A4AF7B /* CustomHeaderCell.swift in Sources */,
				0175C2911D65635C00F585D7 /* GameTableViewCell.swift in Sources */,
				103CA0B71D68E00000A4AF7B /* PlayerCell.swift in Sources */,
				103CA0AB1D68C7FA00A4AF7B /* TopInfoCell.swift in Sources */,
				103CA0B11D68D9B900A4AF7B /* GameViewMainCell.swift in Sources */,
				103CA0B31D68D9DB00A4AF7B /* GameViewTableViewController.swift in Sources */,
				105DA6031D67F953008B0605 /* Game.swift in Sources */,
				10C4317F1D6D44C9008A1F24 /* User.swift in Sources */,
				103CA0B91D6A236C00A4AF7B /* PayoutCell.swift in Sources */,
				10C431811D6D44D4008A1F24 /* League.swift in Sources */,
				10C431831D6D451C008A1F24 /* Vote.swift in Sources */,
				103CA0AD1D68C80500A4AF7B /* YouCell.swift in Sources */,
				103CA0A91D6805A000A4AF7B /* TNGView.swift in Sources */,
				105DA6011D6549D6008B0605 /* MainViewTableViewController.swift in Sources */,
				105DA5ED1D6546B9008B0605 /* AppDelegate.swift in Sources */,
				105DA5FF1D65473D008B0605 /* Downloader.swift in Sources */,
			);
			runOnlyForDeploymentPostprocessing = 0;
		};
/* End PBXSourcesBuildPhase section */

/* Begin PBXVariantGroup section */
		105DA5F51D6546B9008B0605 /* LaunchScreen.storyboard */ = {
			isa = PBXVariantGroup;
			children = (
				105DA5F61D6546B9008B0605 /* Base */,
			);
			name = LaunchScreen.storyboard;
			sourceTree = "<group>";
		};
/* End PBXVariantGroup section */

/* Begin XCBuildConfiguration section */
		105DA5F91D6546B9008B0605 /* Debug */ = {
			isa = XCBuildConfiguration;
			buildSettings = {
				ALWAYS_SEARCH_USER_PATHS = NO;
				CLANG_ANALYZER_NONNULL = YES;
				CLANG_CXX_LANGUAGE_STANDARD = "gnu++0x";
				CLANG_CXX_LIBRARY = "libc++";
				CLANG_ENABLE_MODULES = YES;
				CLANG_ENABLE_OBJC_ARC = YES;
				CLANG_WARN_BOOL_CONVERSION = YES;
				CLANG_WARN_CONSTANT_CONVERSION = YES;
				CLANG_WARN_DIRECT_OBJC_ISA_USAGE = YES_ERROR;
				CLANG_WARN_EMPTY_BODY = YES;
				CLANG_WARN_ENUM_CONVERSION = YES;
				CLANG_WARN_INT_CONVERSION = YES;
				CLANG_WARN_OBJC_ROOT_CLASS = YES_ERROR;
				CLANG_WARN_UNREACHABLE_CODE = YES;
				CLANG_WARN__DUPLICATE_METHOD_MATCH = YES;
				"CODE_SIGN_IDENTITY[sdk=iphoneos*]" = "iPhone Developer";
				COPY_PHASE_STRIP = NO;
				DEBUG_INFORMATION_FORMAT = dwarf;
				ENABLE_STRICT_OBJC_MSGSEND = YES;
				ENABLE_TESTABILITY = YES;
				GCC_C_LANGUAGE_STANDARD = gnu99;
				GCC_DYNAMIC_NO_PIC = NO;
				GCC_NO_COMMON_BLOCKS = YES;
				GCC_OPTIMIZATION_LEVEL = 0;
				GCC_PREPROCESSOR_DEFINITIONS = (
					"DEBUG=1",
					"$(inherited)",
				);
				GCC_WARN_64_TO_32_BIT_CONVERSION = YES;
				GCC_WARN_ABOUT_RETURN_TYPE = YES_ERROR;
				GCC_WARN_UNDECLARED_SELECTOR = YES;
				GCC_WARN_UNINITIALIZED_AUTOS = YES_AGGRESSIVE;
				GCC_WARN_UNUSED_FUNCTION = YES;
				GCC_WARN_UNUSED_VARIABLE = YES;
				IPHONEOS_DEPLOYMENT_TARGET = 9.3;
				MTL_ENABLE_DEBUG_INFO = YES;
				ONLY_ACTIVE_ARCH = YES;
				SDKROOT = iphoneos;
				SWIFT_OPTIMIZATION_LEVEL = "-Onone";
			};
			name = Debug;
		};
		105DA5FA1D6546B9008B0605 /* Release */ = {
			isa = XCBuildConfiguration;
			buildSettings = {
				ALWAYS_SEARCH_USER_PATHS = NO;
				CLANG_ANALYZER_NONNULL = YES;
				CLANG_CXX_LANGUAGE_STANDARD = "gnu++0x";
				CLANG_CXX_LIBRARY = "libc++";
				CLANG_ENABLE_MODULES = YES;
				CLANG_ENABLE_OBJC_ARC = YES;
				CLANG_WARN_BOOL_CONVERSION = YES;
				CLANG_WARN_CONSTANT_CONVERSION = YES;
				CLANG_WARN_DIRECT_OBJC_ISA_USAGE = YES_ERROR;
				CLANG_WARN_EMPTY_BODY = YES;
				CLANG_WARN_ENUM_CONVERSION = YES;
				CLANG_WARN_INT_CONVERSION = YES;
				CLANG_WARN_OBJC_ROOT_CLASS = YES_ERROR;
				CLANG_WARN_UNREACHABLE_CODE = YES;
				CLANG_WARN__DUPLICATE_METHOD_MATCH = YES;
				"CODE_SIGN_IDENTITY[sdk=iphoneos*]" = "iPhone Developer";
				COPY_PHASE_STRIP = NO;
				DEBUG_INFORMATION_FORMAT = "dwarf-with-dsym";
				ENABLE_NS_ASSERTIONS = NO;
				ENABLE_STRICT_OBJC_MSGSEND = YES;
				GCC_C_LANGUAGE_STANDARD = gnu99;
				GCC_NO_COMMON_BLOCKS = YES;
				GCC_WARN_64_TO_32_BIT_CONVERSION = YES;
				GCC_WARN_ABOUT_RETURN_TYPE = YES_ERROR;
				GCC_WARN_UNDECLARED_SELECTOR = YES;
				GCC_WARN_UNINITIALIZED_AUTOS = YES_AGGRESSIVE;
				GCC_WARN_UNUSED_FUNCTION = YES;
				GCC_WARN_UNUSED_VARIABLE = YES;
				IPHONEOS_DEPLOYMENT_TARGET = 9.3;
				MTL_ENABLE_DEBUG_INFO = NO;
				SDKROOT = iphoneos;
				VALIDATE_PRODUCT = YES;
			};
			name = Release;
		};
		105DA5FC1D6546B9008B0605 /* Debug */ = {
			isa = XCBuildConfiguration;
			baseConfigurationReference = BF5D002FE7498B93A6FBEBBE /* Pods-TestNFLGames.debug.xcconfig */;
			buildSettings = {
				ASSETCATALOG_COMPILER_APPICON_NAME = AppIcon;
				INFOPLIST_FILE = TestNFLGames/Info.plist;
				LD_RUNPATH_SEARCH_PATHS = "$(inherited) @executable_path/Frameworks";
				PRODUCT_BUNDLE_IDENTIFIER = com.tyschultz.TestNFLGames;
				PRODUCT_NAME = "$(TARGET_NAME)";
			};
			name = Debug;
		};
		105DA5FD1D6546B9008B0605 /* Release */ = {
			isa = XCBuildConfiguration;
			baseConfigurationReference = 3C2FB3E26558084BD6FA9E65 /* Pods-TestNFLGames.release.xcconfig */;
			buildSettings = {
				ASSETCATALOG_COMPILER_APPICON_NAME = AppIcon;
				INFOPLIST_FILE = TestNFLGames/Info.plist;
				LD_RUNPATH_SEARCH_PATHS = "$(inherited) @executable_path/Frameworks";
				PRODUCT_BUNDLE_IDENTIFIER = com.tyschultz.TestNFLGames;
				PRODUCT_NAME = "$(TARGET_NAME)";
			};
			name = Release;
		};
/* End XCBuildConfiguration section */

/* Begin XCConfigurationList section */
		105DA5E41D6546B9008B0605 /* Build configuration list for PBXProject "TestNFLGames" */ = {
			isa = XCConfigurationList;
			buildConfigurations = (
				105DA5F91D6546B9008B0605 /* Debug */,
				105DA5FA1D6546B9008B0605 /* Release */,
			);
			defaultConfigurationIsVisible = 0;
			defaultConfigurationName = Release;
		};
		105DA5FB1D6546B9008B0605 /* Build configuration list for PBXNativeTarget "TestNFLGames" */ = {
			isa = XCConfigurationList;
			buildConfigurations = (
				105DA5FC1D6546B9008B0605 /* Debug */,
				105DA5FD1D6546B9008B0605 /* Release */,
			);
			defaultConfigurationIsVisible = 0;
			defaultConfigurationName = Release;
		};
/* End XCConfigurationList section */
	};
	rootObject = 105DA5E11D6546B9008B0605 /* Project object */;
}
